{
    "_meta": {
        "hash": {
            "sha256": "7c57811c3c21635a99e16fd6c6c5a082bc7009b5b70333713d3c22f26f43deb8"
        },
        "pipfile-spec": 6,
        "requires": {
            "python_version": "3.6"
        },
        "sources": [
            {
                "name": "pypi",
                "url": "https://pypi.org/simple",
                "verify_ssl": true
            }
        ]
    },
    "default": {
        "django": {
            "hashes": [
                "sha256:0fd54e4f27bc3e0b7054a11e6b3a18fa53f2373f6b2df8a22e8eadfe018970a5",
                "sha256:f3b28084101d516f56104856761bc247f85a2a5bbd9da39d9f6197ff461b3ee4"
            ],
            "index": "pypi",
            "version": "==2.1.8"
        },
        "djangorestframework": {
            "hashes": [
                "sha256:1d22971a5fc98becdbbad9710ca2a9148dd339f6cbea4c3ddbed2cb84bab94e1",
                "sha256:2884763160b997073ff1e937bd820a69d23978902a3ccd0ba53a217e196239f0"
            ],
            "index": "pypi",
            "version": "==3.9.3"
        },
        "pytz": {
            "hashes": [
                "sha256:303879e36b721603cc54604edcac9d20401bdbe31e1e4fdee5b9f98d5d31dfda",
                "sha256:d747dd3d23d77ef44c6a3526e274af6efeb0a6f1afd5a69ba4d5be4098c8e141"
            ],
            "version": "==2019.1"
        }
    },
    "develop": {}
}
